
Microsoft Visual Studio Solution File, Format Version 12.00
# Visual Studio Version 17
VisualStudioVersion = 17.9.34616.47
MinimumVisualStudioVersion = 10.0.40219.1
Project("{FAE04EC0-301F-11D3-BF4B-00C04F79EFBC}") = "SAM-AT System", "SAM-AT System\SAM-AT System.csproj", "{241ADFBB-6AAA-41A9-8C21-F3955FB21756}"
EndProject
Global
	GlobalSection(SolutionConfigurationPlatforms) = preSolution
		Debug|Any CPU = Debug|Any CPU
		Release|Any CPU = Release|Any CPU
	EndGlobalSection
	GlobalSection(ProjectConfigurationPlatforms) = postSolution
		{241ADFBB-6AAA-41A9-8C21-F3955FB21756}.Debug|Any CPU.ActiveCfg = Debug|Any CPU
		{241ADFBB-6AAA-41A9-8C21-F3955FB21756}.Debug|Any CPU.Build.0 = Debug|Any CPU
		{241ADFBB-6AAA-41A9-8C21-F3955FB21756}.Release|Any CPU.ActiveCfg = Release|Any CPU
		{241ADFBB-6AAA-41A9-8C21-F3955FB21756}.Release|Any CPU.Build.0 = Release|Any CPU
	EndGlobalSection
	GlobalSection(SolutionProperties) = preSolution
		HideSolutionNode = FALSE
	EndGlobalSection
	GlobalSection(ExtensibilityGlobals) = postSolution
		SolutionGuid = {29AEE953-EEFC-4C06-B4D4-0865431C64E2}
	EndGlobalSection
EndGlobal
